
Microsoft Visual Studio Solution File, Format Version 12.00
# Visual Studio 15
VisualStudioVersion = 15.0.27703.2042
MinimumVisualStudioVersion = 10.0.40219.1
Project("{FAE04EC0-301F-11D3-BF4B-00C04F79EFBC}") = "Training_Day1", "Training_Day1\Training_Day1.csproj", "{45959D97-BA5F-48DA-8C9D-41147FA4C49F}"
EndProject
Project("{FAE04EC0-301F-11D3-BF4B-00C04F79EFBC}") = "Training_Day2", "Training_Day2\Training_Day2.csproj", "{77C59B57-5F68-41F6-9105-224C35AA8E48}"
EndProject
Project("{FAE04EC0-301F-11D3-BF4B-00C04F79EFBC}") = "Training_Day3", "Training_Day3\Training_Day3.csproj", "{DCC1B334-BCB3-49FB-90F8-DB067B298EB2}"
EndProject
Global
	GlobalSection(SolutionConfigurationPlatforms) = preSolution
		Debug|Any CPU = Debug|Any CPU
		Release|Any CPU = Release|Any CPU
	EndGlobalSection
	GlobalSection(ProjectConfigurationPlatforms) = postSolution
		{45959D97-BA5F-48DA-8C9D-41147FA4C49F}.Debug|Any CPU.ActiveCfg = Debug|Any CPU
		{45959D97-BA5F-48DA-8C9D-41147FA4C49F}.Debug|Any CPU.Build.0 = Debug|Any CPU
		{45959D97-BA5F-48DA-8C9D-41147FA4C49F}.Release|Any CPU.ActiveCfg = Release|Any CPU
		{45959D97-BA5F-48DA-8C9D-41147FA4C49F}.Release|Any CPU.Build.0 = Release|Any CPU
		{77C59B57-5F68-41F6-9105-224C35AA8E48}.Debug|Any CPU.ActiveCfg = Debug|Any CPU
		{77C59B57-5F68-41F6-9105-224C35AA8E48}.Debug|Any CPU.Build.0 = Debug|Any CPU
		{77C59B57-5F68-41F6-9105-224C35AA8E48}.Release|Any CPU.ActiveCfg = Release|Any CPU
		{77C59B57-5F68-41F6-9105-224C35AA8E48}.Release|Any CPU.Build.0 = Release|Any CPU
		{DCC1B334-BCB3-49FB-90F8-DB067B298EB2}.Debug|Any CPU.ActiveCfg = Debug|Any CPU
		{DCC1B334-BCB3-49FB-90F8-DB067B298EB2}.Debug|Any CPU.Build.0 = Debug|Any CPU
		{DCC1B334-BCB3-49FB-90F8-DB067B298EB2}.Release|Any CPU.ActiveCfg = Release|Any CPU
		{DCC1B334-BCB3-49FB-90F8-DB067B298EB2}.Release|Any CPU.Build.0 = Release|Any CPU
	EndGlobalSection
	GlobalSection(SolutionProperties) = preSolution
		HideSolutionNode = FALSE
	EndGlobalSection
	GlobalSection(ExtensibilityGlobals) = postSolution
		SolutionGuid = {D9828897-90F1-49C3-B353-D9EB1137AF42}
	EndGlobalSection
EndGlobal
